
Microsoft Visual Studio Solution File, Format Version 12.00
# Visual Studio Version 17
VisualStudioVersion = 17.4.33110.190
MinimumVisualStudioVersion = 10.0.40219.1
Project("{9A19103F-16F7-4668-BE54-9A1E7A4F7556}") = "Lab4", "Lab4\Lab4.csproj", "{C6333940-D685-461B-805D-190C65FF113E}"
EndProject
Global
	GlobalSection(SolutionConfigurationPlatforms) = preSolution
		Debug|Any CPU = Debug|Any CPU
		Release|Any CPU = Release|Any CPU
	EndGlobalSection
	GlobalSection(ProjectConfigurationPlatforms) = postSolution
		{C6333940-D685-461B-805D-190C65FF113E}.Debug|Any CPU.ActiveCfg = Debug|Any CPU
		{C6333940-D685-461B-805D-190C65FF113E}.Debug|Any CPU.Build.0 = Debug|Any CPU
		{C6333940-D685-461B-805D-190C65FF113E}.Release|Any CPU.ActiveCfg = Release|Any CPU
		{C6333940-D685-461B-805D-190C65FF113E}.Release|Any CPU.Build.0 = Release|Any CPU
	EndGlobalSection
	GlobalSection(SolutionProperties) = preSolution
		HideSolutionNode = FALSE
	EndGlobalSection
	GlobalSection(ExtensibilityGlobals) = postSolution
		SolutionGuid = {85245F4A-DB35-42FA-A18B-AA6C248083C7}
	EndGlobalSection
EndGlobal
